<?xml version="1.0" encoding="utf-8"?>
<Project ToolsVersion="4.0" xmlns="http://schemas.microsoft.com/developer/msbuild/2003">
  <ItemGroup>
    <Filter Include="GameStarter">
      <UniqueIdentifier>{93995380-89BD-4b04-88EB-625FBE52EBFB}</UniqueIdentifier>
      <Extensions>h;hh;hpp;hxx;h++;hm;inl;inc;ipp;xsd</Extensions>
    </Filter>
    <Filter Include="GameStarter\GameManagers">
      <UniqueIdentifier>{0fc7e5d6-3d8a-4c72-ae1e-f86b8a0eec63}</UniqueIdentifier>
    </Filter>
    <Filter Include="GameStarter\GameMaterials">
      <UniqueIdentifier>{d14adc3a-b3e4-4c05-ba7b-d0a0c79f7517}</UniqueIdentifier>
    </Filter>
    <Filter Include="GameStarter\GameStates">
      <UniqueIdentifier>{bfbdde6c-89e2-4b98-850f-ee14e8d69334}</UniqueIdentifier>
    </Filter>
    <Filter Include="GameStarter\Utilities">
      <UniqueIdentifier>{5a5732d7-4e51-4d59-93b2-5b5194b8dc76}</UniqueIdentifier>
    </Filter>
    <Filter Include="GameStarter\GL">
      <UniqueIdentifier>{97d6675c-b5f4-4e52-9581-960026260989}</UniqueIdentifier>
    </Filter>
    <Filter Include="Resources">
      <UniqueIdentifier>{47589cab-3a1c-4015-976c-c8baa591453c}</UniqueIdentifier>
    </Filter>
    <Filter Include="Resources\Models">
      <UniqueIdentifier>{cc68db0b-be10-42a2-8943-538c5dc05e5b}</UniqueIdentifier>
    </Filter>
    <Filter Include="Resources\Shaders">
      <UniqueIdentifier>{d7399330-afa5-4684-bc64-fb96f6fcb374}</UniqueIdentifier>
    </Filter>
  </ItemGroup>
  <ItemGroup>
    <ClCompile Include="src\GameStateBase.cpp">
      <Filter>GameStarter\GameStates</Filter>
    </ClCompile>
    <ClCompile Include="src\GameStateMachine.cpp">
      <Filter>GameStarter\GameManagers</Filter>
    </ClCompile>
    <ClCompile Include="src\main.cpp">
      <Filter>GameStarter</Filter>
    </ClCompile>
    <ClCompile Include="src\Game.cpp">
      <Filter>GameStarter</Filter>
    </ClCompile>
    <ClCompile Include="src\GSIntro.cpp">
      <Filter>GameStarter\GameStates</Filter>
    </ClCompile>
    <ClCompile Include="src\GSMenu.cpp">
      <Filter>GameStarter\GameStates</Filter>
    </ClCompile>
    <ClCompile Include="src\GSPlay.cpp">
      <Filter>GameStarter\GameStates</Filter>
    </ClCompile>
    <ClCompile Include="src\Mesh.cpp">
      <Filter>GameStarter\GL</Filter>
    </ClCompile>
    <ClCompile Include="src\Shader.cpp">
      <Filter>GameStarter\GL</Filter>
    </ClCompile>
    <ClCompile Include="src\Texture.cpp">
      <Filter>GameStarter\GL</Filter>
    </ClCompile>
    <ClCompile Include="src\ResourceManager.cpp">
      <Filter>GameStarter\GameManagers</Filter>
    </ClCompile>
    <ClCompile Include="src\BaseObject.cpp">
      <Filter>GameStarter\GameMaterials</Filter>
    </ClCompile>
    <ClCompile Include="src\Camera.cpp">
      <Filter>GameStarter\GameMaterials</Filter>
    </ClCompile>
    <ClCompile Include="src\Renderer.cpp">
      <Filter>GameStarter\GameMaterials</Filter>
    </ClCompile>
    <ClCompile Include="src\Sprite2D.cpp">
      <Filter>GameStarter\GameMaterials</Filter>
    </ClCompile>
    <ClCompile Include="src\SpriteAnimation.cpp">
      <Filter>GameStarter\GameMaterials</Filter>
    </ClCompile>
    <ClCompile Include="src\BatchRenderer.cpp">
      <Filter>GameStarter\GameMaterials</Filter>
    </ClCompile>
    <ClCompile Include="src\Sound.cpp">
      <Filter>GameStarter\GameMaterials</Filter>
    </ClCompile>
    <ClCompile Include="src\Text.cpp">
      <Filter>GameStarter\GameMaterials</Filter>
    </ClCompile>
    <ClCompile Include="src\Logger.cpp">
      <Filter>GameStarter\Utilities</Filter>
    </ClCompile>
    <ClCompile Include="src\SoundPlayer.cpp">
      <Filter>GameStarter\GameManagers</Filter>
    </ClCompile>
  </ItemGroup>
  <ItemGroup>
    <ClInclude Include="src\GameStateMachine.h">
      <Filter>GameStarter\GameManagers</Filter>
    </ClInclude>
    <ClInclude Include="src\GameStateBase.h">
      <Filter>GameStarter\GameStates</Filter>
    </ClInclude>
    <ClInclude Include="src\Global.h">
      <Filter>GameStarter\Utilities</Filter>
    </ClInclude>
    <ClInclude Include="src\SingletonDclp.h">
      <Filter>GameStarter\Utilities</Filter>
    </ClInclude>
    <ClInclude Include="src\Game.h">
      <Filter>GameStarter</Filter>
    </ClInclude>
    <ClInclude Include="src\GSIntro.h">
      <Filter>GameStarter\GameStates</Filter>
    </ClInclude>
    <ClInclude Include="src\GSMenu.h">
      <Filter>GameStarter\GameStates</Filter>
    </ClInclude>
    <ClInclude Include="src\GSPlay.h">
      <Filter>GameStarter\GameStates</Filter>
    </ClInclude>
    <ClInclude Include="src\Mesh.h">
      <Filter>GameStarter\GL</Filter>
    </ClInclude>
    <ClInclude Include="src\Shader.h">
      <Filter>GameStarter\GL</Filter>
    </ClInclude>
    <ClInclude Include="src\Texture.h">
      <Filter>GameStarter\GL</Filter>
    </ClInclude>
    <ClInclude Include="src\Vertex.h">
      <Filter>GameStarter\GL</Filter>
    </ClInclude>
    <ClInclude Include="src\stb_image.h">
      <Filter>GameStarter\Utilities</Filter>
    </ClInclude>
    <ClInclude Include="src\ResourceManager.h">
      <Filter>GameStarter\GameManagers</Filter>
    </ClInclude>
    <ClInclude Include="src\BaseObject.h">
      <Filter>GameStarter\GameMaterials</Filter>
    </ClInclude>
    <ClInclude Include="src\Camera.h">
      <Filter>GameStarter\GameMaterials</Filter>
    </ClInclude>
    <ClInclude Include="src\Renderer.h">
      <Filter>GameStarter\GameMaterials</Filter>
    </ClInclude>
    <ClInclude Include="src\Sprite2D.h">
      <Filter>GameStarter\GameMaterials</Filter>
    </ClInclude>
    <ClInclude Include="src\SpriteAnimation.h">
      <Filter>GameStarter\GameMaterials</Filter>
    </ClInclude>
    <ClInclude Include="src\BatchRenderer.h">
      <Filter>GameStarter\GameMaterials</Filter>
    </ClInclude>
    <ClInclude Include="src\Sound.h">
      <Filter>GameStarter\GameMaterials</Filter>
    </ClInclude>
    <ClInclude Include="src\Text.h">
      <Filter>GameStarter\GameMaterials</Filter>
    </ClInclude>
    <ClInclude Include="src\Logger.h">
      <Filter>GameStarter\Utilities</Filter>
    </ClInclude>
    <ClInclude Include="src\SoundPlayer.h">
      <Filter>GameStarter\GameManagers</Filter>
    </ClInclude>
  </ItemGroup>
  <ItemGroup>
    <None Include="Resources\Shaders\quad.frag">
      <Filter>Resources\Shaders</Filter>
    </None>
    <None Include="Resources\Shaders\quad.vert">
      <Filter>Resources\Shaders</Filter>
    </None>
    <None Include="Resources\Shaders\animation.frag">
      <Filter>Resources\Shaders</Filter>
    </None>
    <None Include="Resources\Shaders\animation.vert">
      <Filter>Resources\Shaders</Filter>
    </None>
    <None Include="Resources\Shaders\quad_batch.frag">
      <Filter>Resources\Shaders</Filter>
    </None>
    <None Include="Resources\Shaders\quad_batch.vert">
      <Filter>Resources\Shaders</Filter>
    </None>
    <None Include="ClassDiagram.cd" />
  </ItemGroup>
</Project>